// !$*UTF8*$!
{
	archiveVersion = 1;
	classes = {
	};
	objectVersion = 55;
	objects = {

/* Begin PBXBuildFile section */
		767390A72830F59C006387A7 /* TestairApp.swift in Sources */ = {isa = PBXBuildFile; fileRef = 767390A62830F59C006387A7 /* TestairApp.swift */; };
		767390AB2830F5A4006387A7 /* Assets.xcassets in Resources */ = {isa = PBXBuildFile; fileRef = 767390AA2830F5A4006387A7 /* Assets.xcassets */; };
		767390AE2830F5A4006387A7 /* Preview Assets.xcassets in Resources */ = {isa = PBXBuildFile; fileRef = 767390AD2830F5A4006387A7 /* Preview Assets.xcassets */; };
		767390B02830F5A4006387A7 /* PersistenceManager.swift in Sources */ = {isa = PBXBuildFile; fileRef = 767390AF2830F5A4006387A7 /* PersistenceManager.swift */; };
		767390B32830F5A4006387A7 /* Testair.xcdatamodeld in Sources */ = {isa = PBXBuildFile; fileRef = 767390B12830F5A4006387A7 /* Testair.xcdatamodeld */; };
		767390BD2830F5A5006387A7 /* TestairTests.swift in Sources */ = {isa = PBXBuildFile; fileRef = 767390BC2830F5A5006387A7 /* TestairTests.swift */; };
		767390C72830F5A5006387A7 /* TestairUITests.swift in Sources */ = {isa = PBXBuildFile; fileRef = 767390C62830F5A5006387A7 /* TestairUITests.swift */; };
		767390C92830F5A5006387A7 /* TestairUITestsLaunchTests.swift in Sources */ = {isa = PBXBuildFile; fileRef = 767390C82830F5A5006387A7 /* TestairUITestsLaunchTests.swift */; };
		767390D92830FBD6006387A7 /* HomeView.swift in Sources */ = {isa = PBXBuildFile; fileRef = 767390D82830FBD6006387A7 /* HomeView.swift */; };
		767390DB2831004A006387A7 /* BackgroundView.swift in Sources */ = {isa = PBXBuildFile; fileRef = 767390DA2831004A006387A7 /* BackgroundView.swift */; };
		767390DF28310E29006387A7 /* Constants.swift in Sources */ = {isa = PBXBuildFile; fileRef = 767390DE28310E29006387A7 /* Constants.swift */; };
		767390E12831381B006387A7 /* WeatherDetails.swift in Sources */ = {isa = PBXBuildFile; fileRef = 767390E02831381B006387A7 /* WeatherDetails.swift */; };
		767390E428313895006387A7 /* UnixTime.swift in Sources */ = {isa = PBXBuildFile; fileRef = 767390E328313895006387A7 /* UnixTime.swift */; };
		767390E828313952006387A7 /* ViewInitiable.swift in Sources */ = {isa = PBXBuildFile; fileRef = 767390E728313952006387A7 /* ViewInitiable.swift */; };
		767390EA28313978006387A7 /* ViewModelInitiable.swift in Sources */ = {isa = PBXBuildFile; fileRef = 767390E928313978006387A7 /* ViewModelInitiable.swift */; };
		767390ED283139A5006387A7 /* NetworkInitiable.swift in Sources */ = {isa = PBXBuildFile; fileRef = 767390EC283139A5006387A7 /* NetworkInitiable.swift */; };
		767390F0283139DE006387A7 /* ApiError.swift in Sources */ = {isa = PBXBuildFile; fileRef = 767390EF283139DE006387A7 /* ApiError.swift */; };
		767390F228313A25006387A7 /* NetworkService.swift in Sources */ = {isa = PBXBuildFile; fileRef = 767390F128313A25006387A7 /* NetworkService.swift */; };
		767390F428313A7E006387A7 /* HomeViewModel.swift in Sources */ = {isa = PBXBuildFile; fileRef = 767390F328313A7E006387A7 /* HomeViewModel.swift */; };
		767390F728313B70006387A7 /* MockService.swift in Sources */ = {isa = PBXBuildFile; fileRef = 767390F628313B70006387A7 /* MockService.swift */; };
		767390F928313CDE006387A7 /* ApiHelper.swift in Sources */ = {isa = PBXBuildFile; fileRef = 767390F828313CDE006387A7 /* ApiHelper.swift */; };
		767390FB28313D50006387A7 /* HttpMethod.swift in Sources */ = {isa = PBXBuildFile; fileRef = 767390FA28313D50006387A7 /* HttpMethod.swift */; };
		767390FD28313D5F006387A7 /* Endpoint.swift in Sources */ = {isa = PBXBuildFile; fileRef = 767390FC28313D5F006387A7 /* Endpoint.swift */; };
		7673910228313E20006387A7 /* WeatherEndpoint.swift in Sources */ = {isa = PBXBuildFile; fileRef = 7673910128313E20006387A7 /* WeatherEndpoint.swift */; };
		76739108283244E0006387A7 /* ResultsView.swift in Sources */ = {isa = PBXBuildFile; fileRef = 76739107283244E0006387A7 /* ResultsView.swift */; };
		7673910A28324500006387A7 /* CityWeatherView.swift in Sources */ = {isa = PBXBuildFile; fileRef = 7673910928324500006387A7 /* CityWeatherView.swift */; };
		76B912972836DC050085D981 /* WeatherWrapper.swift in Sources */ = {isa = PBXBuildFile; fileRef = 76B912962836DC050085D981 /* WeatherWrapper.swift */; };
		76D98B4B283252710057D390 /* Unwrap.swift in Sources */ = {isa = PBXBuildFile; fileRef = 76D98B4A283252710057D390 /* Unwrap.swift */; };
		76D98B4E28328A830057D390 /* Kingfisher in Frameworks */ = {isa = PBXBuildFile; productRef = 76D98B4D28328A830057D390 /* Kingfisher */; };
/* End PBXBuildFile section */

/* Begin PBXContainerItemProxy section */
		767390B92830F5A5006387A7 /* PBXContainerItemProxy */ = {
			isa = PBXContainerItemProxy;
			containerPortal = 7673909B2830F59C006387A7 /* Project object */;
			proxyType = 1;
			remoteGlobalIDString = 767390A22830F59C006387A7;
			remoteInfo = Testair;
		};
		767390C32830F5A5006387A7 /* PBXContainerItemProxy */ = {
			isa = PBXContainerItemProxy;
			containerPortal = 7673909B2830F59C006387A7 /* Project object */;
			proxyType = 1;
			remoteGlobalIDString = 767390A22830F59C006387A7;
			remoteInfo = Testair;
		};
/* End PBXContainerItemProxy section */

/* Begin PBXFileReference section */
		767390A32830F59C006387A7 /* Testair.app */ = {isa = PBXFileReference; explicitFileType = wrapper.application; includeInIndex = 0; path = Testair.app; sourceTree = BUILT_PRODUCTS_DIR; };
		767390A62830F59C006387A7 /* TestairApp.swift */ = {isa = PBXFileReference; lastKnownFileType = sourcecode.swift; path = TestairApp.swift; sourceTree = "<group>"; };
		767390AA2830F5A4006387A7 /* Assets.xcassets */ = {isa = PBXFileReference; lastKnownFileType = folder.assetcatalog; path = Assets.xcassets; sourceTree = "<group>"; };
		767390AD2830F5A4006387A7 /* Preview Assets.xcassets */ = {isa = PBXFileReference; lastKnownFileType = folder.assetcatalog; path = "Preview Assets.xcassets"; sourceTree = "<group>"; };
		767390AF2830F5A4006387A7 /* PersistenceManager.swift */ = {isa = PBXFileReference; lastKnownFileType = sourcecode.swift; path = PersistenceManager.swift; sourceTree = "<group>"; };
		767390B22830F5A4006387A7 /* Testair.xcdatamodel */ = {isa = PBXFileReference; lastKnownFileType = wrapper.xcdatamodel; path = Testair.xcdatamodel; sourceTree = "<group>"; };
		767390B82830F5A5006387A7 /* TestairTests.xctest */ = {isa = PBXFileReference; explicitFileType = wrapper.cfbundle; includeInIndex = 0; path = TestairTests.xctest; sourceTree = BUILT_PRODUCTS_DIR; };
		767390BC2830F5A5006387A7 /* TestairTests.swift */ = {isa = PBXFileReference; lastKnownFileType = sourcecode.swift; path = TestairTests.swift; sourceTree = "<group>"; };
		767390C22830F5A5006387A7 /* TestairUITests.xctest */ = {isa = PBXFileReference; explicitFileType = wrapper.cfbundle; includeInIndex = 0; path = TestairUITests.xctest; sourceTree = BUILT_PRODUCTS_DIR; };
		767390C62830F5A5006387A7 /* TestairUITests.swift */ = {isa = PBXFileReference; lastKnownFileType = sourcecode.swift; path = TestairUITests.swift; sourceTree = "<group>"; };
		767390C82830F5A5006387A7 /* TestairUITestsLaunchTests.swift */ = {isa = PBXFileReference; lastKnownFileType = sourcecode.swift; path = TestairUITestsLaunchTests.swift; sourceTree = "<group>"; };
		767390D82830FBD6006387A7 /* HomeView.swift */ = {isa = PBXFileReference; lastKnownFileType = sourcecode.swift; path = HomeView.swift; sourceTree = "<group>"; };
		767390DA2831004A006387A7 /* BackgroundView.swift */ = {isa = PBXFileReference; lastKnownFileType = sourcecode.swift; path = BackgroundView.swift; sourceTree = "<group>"; };
		767390DC2831065B006387A7 /* Info.plist */ = {isa = PBXFileReference; lastKnownFileType = text.plist; path = Info.plist; sourceTree = "<group>"; };
		767390DE28310E29006387A7 /* Constants.swift */ = {isa = PBXFileReference; lastKnownFileType = sourcecode.swift; path = Constants.swift; sourceTree = "<group>"; };
		767390E02831381B006387A7 /* WeatherDetails.swift */ = {isa = PBXFileReference; lastKnownFileType = sourcecode.swift; path = WeatherDetails.swift; sourceTree = "<group>"; };
		767390E328313895006387A7 /* UnixTime.swift */ = {isa = PBXFileReference; lastKnownFileType = sourcecode.swift; path = UnixTime.swift; sourceTree = "<group>"; };
		767390E728313952006387A7 /* ViewInitiable.swift */ = {isa = PBXFileReference; lastKnownFileType = sourcecode.swift; path = ViewInitiable.swift; sourceTree = "<group>"; };
		767390E928313978006387A7 /* ViewModelInitiable.swift */ = {isa = PBXFileReference; lastKnownFileType = sourcecode.swift; path = ViewModelInitiable.swift; sourceTree = "<group>"; };
		767390EC283139A5006387A7 /* NetworkInitiable.swift */ = {isa = PBXFileReference; lastKnownFileType = sourcecode.swift; path = NetworkInitiable.swift; sourceTree = "<group>"; };
		767390EF283139DE006387A7 /* ApiError.swift */ = {isa = PBXFileReference; lastKnownFileType = sourcecode.swift; path = ApiError.swift; sourceTree = "<group>"; };
		767390F128313A25006387A7 /* NetworkService.swift */ = {isa = PBXFileReference; lastKnownFileType = sourcecode.swift; path = NetworkService.swift; sourceTree = "<group>"; };
		767390F328313A7E006387A7 /* HomeViewModel.swift */ = {isa = PBXFileReference; lastKnownFileType = sourcecode.swift; path = HomeViewModel.swift; sourceTree = "<group>"; };
		767390F628313B70006387A7 /* MockService.swift */ = {isa = PBXFileReference; lastKnownFileType = sourcecode.swift; path = MockService.swift; sourceTree = "<group>"; };
		767390F828313CDE006387A7 /* ApiHelper.swift */ = {isa = PBXFileReference; lastKnownFileType = sourcecode.swift; path = ApiHelper.swift; sourceTree = "<group>"; };
		767390FA28313D50006387A7 /* HttpMethod.swift */ = {isa = PBXFileReference; lastKnownFileType = sourcecode.swift; path = HttpMethod.swift; sourceTree = "<group>"; };
		767390FC28313D5F006387A7 /* Endpoint.swift */ = {isa = PBXFileReference; lastKnownFileType = sourcecode.swift; path = Endpoint.swift; sourceTree = "<group>"; };
		7673910128313E20006387A7 /* WeatherEndpoint.swift */ = {isa = PBXFileReference; lastKnownFileType = sourcecode.swift; path = WeatherEndpoint.swift; sourceTree = "<group>"; };
		76739107283244E0006387A7 /* ResultsView.swift */ = {isa = PBXFileReference; lastKnownFileType = sourcecode.swift; path = ResultsView.swift; sourceTree = "<group>"; };
		7673910928324500006387A7 /* CityWeatherView.swift */ = {isa = PBXFileReference; lastKnownFileType = sourcecode.swift; path = CityWeatherView.swift; sourceTree = "<group>"; };
		76B912962836DC050085D981 /* WeatherWrapper.swift */ = {isa = PBXFileReference; lastKnownFileType = sourcecode.swift; path = WeatherWrapper.swift; sourceTree = "<group>"; };
		76D98B4A283252710057D390 /* Unwrap.swift */ = {isa = PBXFileReference; lastKnownFileType = sourcecode.swift; path = Unwrap.swift; sourceTree = "<group>"; };
/* End PBXFileReference section */

/* Begin PBXFrameworksBuildPhase section */
		767390A02830F59C006387A7 /* Frameworks */ = {
			isa = PBXFrameworksBuildPhase;
			buildActionMask = 2147483647;
			files = (
				76D98B4E28328A830057D390 /* Kingfisher in Frameworks */,
			);
			runOnlyForDeploymentPostprocessing = 0;
		};
		767390B52830F5A5006387A7 /* Frameworks */ = {
			isa = PBXFrameworksBuildPhase;
			buildActionMask = 2147483647;
			files = (
			);
			runOnlyForDeploymentPostprocessing = 0;
		};
		767390BF2830F5A5006387A7 /* Frameworks */ = {
			isa = PBXFrameworksBuildPhase;
			buildActionMask = 2147483647;
			files = (
			);
			runOnlyForDeploymentPostprocessing = 0;
		};
/* End PBXFrameworksBuildPhase section */

/* Begin PBXGroup section */
		7673909A2830F59C006387A7 = {
			isa = PBXGroup;
			children = (
				767390A52830F59C006387A7 /* Testair */,
				767390BB2830F5A5006387A7 /* TestairTests */,
				767390C52830F5A5006387A7 /* TestairUITests */,
				767390A42830F59C006387A7 /* Products */,
			);
			sourceTree = "<group>";
		};
		767390A42830F59C006387A7 /* Products */ = {
			isa = PBXGroup;
			children = (
				767390A32830F59C006387A7 /* Testair.app */,
				767390B82830F5A5006387A7 /* TestairTests.xctest */,
				767390C22830F5A5006387A7 /* TestairUITests.xctest */,
			);
			name = Products;
			sourceTree = "<group>";
		};
		767390A52830F59C006387A7 /* Testair */ = {
			isa = PBXGroup;
			children = (
				767390D52830FAEC006387A7 /* Model */,
				767390D62830FAF4006387A7 /* View */,
				767390D72830FAFE006387A7 /* ViewModel */,
				767390EE283139CF006387A7 /* Networking */,
				767390E528313927006387A7 /* Protocols */,
				767390E228313883006387A7 /* Extensions */,
				767390DD28310E19006387A7 /* Utils */,
				767390A62830F59C006387A7 /* TestairApp.swift */,
				767390AA2830F5A4006387A7 /* Assets.xcassets */,
				767390AF2830F5A4006387A7 /* PersistenceManager.swift */,
				767390B12830F5A4006387A7 /* Testair.xcdatamodeld */,
				767390DC2831065B006387A7 /* Info.plist */,
				767390AC2830F5A4006387A7 /* Preview Content */,
			);
			path = Testair;
			sourceTree = "<group>";
		};
		767390AC2830F5A4006387A7 /* Preview Content */ = {
			isa = PBXGroup;
			children = (
				767390AD2830F5A4006387A7 /* Preview Assets.xcassets */,
			);
			path = "Preview Content";
			sourceTree = "<group>";
		};
		767390BB2830F5A5006387A7 /* TestairTests */ = {
			isa = PBXGroup;
			children = (
				767390BC2830F5A5006387A7 /* TestairTests.swift */,
			);
			path = TestairTests;
			sourceTree = "<group>";
		};
		767390C52830F5A5006387A7 /* TestairUITests */ = {
			isa = PBXGroup;
			children = (
				767390C62830F5A5006387A7 /* TestairUITests.swift */,
				767390C82830F5A5006387A7 /* TestairUITestsLaunchTests.swift */,
			);
			path = TestairUITests;
			sourceTree = "<group>";
		};
		767390D52830FAEC006387A7 /* Model */ = {
			isa = PBXGroup;
			children = (
				767390E02831381B006387A7 /* WeatherDetails.swift */,
				76B912962836DC050085D981 /* WeatherWrapper.swift */,
			);
			path = Model;
			sourceTree = "<group>";
		};
		767390D62830FAF4006387A7 /* View */ = {
			isa = PBXGroup;
			children = (
				767390DA2831004A006387A7 /* BackgroundView.swift */,
				767390D82830FBD6006387A7 /* HomeView.swift */,
				76739107283244E0006387A7 /* ResultsView.swift */,
				7673910928324500006387A7 /* CityWeatherView.swift */,
			);
			path = View;
			sourceTree = "<group>";
		};
		767390D72830FAFE006387A7 /* ViewModel */ = {
			isa = PBXGroup;
			children = (
				767390F328313A7E006387A7 /* HomeViewModel.swift */,
			);
			path = ViewModel;
			sourceTree = "<group>";
		};
		767390DD28310E19006387A7 /* Utils */ = {
			isa = PBXGroup;
			children = (
				767390DE28310E29006387A7 /* Constants.swift */,
				76D98B4A283252710057D390 /* Unwrap.swift */,
			);
			path = Utils;
			sourceTree = "<group>";
		};
		767390E228313883006387A7 /* Extensions */ = {
			isa = PBXGroup;
			children = (
				767390E328313895006387A7 /* UnixTime.swift */,
			);
			path = Extensions;
			sourceTree = "<group>";
		};
		767390E528313927006387A7 /* Protocols */ = {
			isa = PBXGroup;
			children = (
				767390EB28313990006387A7 /* Network */,
				767390E62831392D006387A7 /* Architecture */,
			);
			path = Protocols;
			sourceTree = "<group>";
		};
		767390E62831392D006387A7 /* Architecture */ = {
			isa = PBXGroup;
			children = (
				767390E728313952006387A7 /* ViewInitiable.swift */,
				767390E928313978006387A7 /* ViewModelInitiable.swift */,
			);
			path = Architecture;
			sourceTree = "<group>";
		};
		767390EB28313990006387A7 /* Network */ = {
			isa = PBXGroup;
			children = (
				767390EC283139A5006387A7 /* NetworkInitiable.swift */,
			);
			path = Network;
			sourceTree = "<group>";
		};
		767390EE283139CF006387A7 /* Networking */ = {
			isa = PBXGroup;
			children = (
				7673910028313E0F006387A7 /* Endpoints */,
				767390F528313B4E006387A7 /* Services */,
				767390EF283139DE006387A7 /* ApiError.swift */,
				767390F828313CDE006387A7 /* ApiHelper.swift */,
				767390FA28313D50006387A7 /* HttpMethod.swift */,
				767390FC28313D5F006387A7 /* Endpoint.swift */,
			);
			path = Networking;
			sourceTree = "<group>";
		};
		767390F528313B4E006387A7 /* Services */ = {
			isa = PBXGroup;
			children = (
				767390F128313A25006387A7 /* NetworkService.swift */,
				767390F628313B70006387A7 /* MockService.swift */,
			);
			path = Services;
			sourceTree = "<group>";
		};
		7673910028313E0F006387A7 /* Endpoints */ = {
			isa = PBXGroup;
			children = (
				7673910128313E20006387A7 /* WeatherEndpoint.swift */,
			);
			path = Endpoints;
			sourceTree = "<group>";
		};
/* End PBXGroup section */

/* Begin PBXNativeTarget section */
		767390A22830F59C006387A7 /* Testair */ = {
			isa = PBXNativeTarget;
			buildConfigurationList = 767390CC2830F5A5006387A7 /* Build configuration list for PBXNativeTarget "Testair" */;
			buildPhases = (
				7673909F2830F59C006387A7 /* Sources */,
				767390A02830F59C006387A7 /* Frameworks */,
				767390A12830F59C006387A7 /* Resources */,
			);
			buildRules = (
			);
			dependencies = (
			);
			name = Testair;
			packageProductDependencies = (
				76D98B4D28328A830057D390 /* Kingfisher */,
			);
			productName = Testair;
			productReference = 767390A32830F59C006387A7 /* Testair.app */;
			productType = "com.apple.product-type.application";
		};
		767390B72830F5A5006387A7 /* TestairTests */ = {
			isa = PBXNativeTarget;
			buildConfigurationList = 767390CF2830F5A5006387A7 /* Build configuration list for PBXNativeTarget "TestairTests" */;
			buildPhases = (
				767390B42830F5A5006387A7 /* Sources */,
				767390B52830F5A5006387A7 /* Frameworks */,
				767390B62830F5A5006387A7 /* Resources */,
			);
			buildRules = (
			);
			dependencies = (
				767390BA2830F5A5006387A7 /* PBXTargetDependency */,
			);
			name = TestairTests;
			productName = TestairTests;
			productReference = 767390B82830F5A5006387A7 /* TestairTests.xctest */;
			productType = "com.apple.product-type.bundle.unit-test";
		};
		767390C12830F5A5006387A7 /* TestairUITests */ = {
			isa = PBXNativeTarget;
			buildConfigurationList = 767390D22830F5A5006387A7 /* Build configuration list for PBXNativeTarget "TestairUITests" */;
			buildPhases = (
				767390BE2830F5A5006387A7 /* Sources */,
				767390BF2830F5A5006387A7 /* Frameworks */,
				767390C02830F5A5006387A7 /* Resources */,
			);
			buildRules = (
			);
			dependencies = (
				767390C42830F5A5006387A7 /* PBXTargetDependency */,
			);
			name = TestairUITests;
			productName = TestairUITests;
			productReference = 767390C22830F5A5006387A7 /* TestairUITests.xctest */;
			productType = "com.apple.product-type.bundle.ui-testing";
		};
/* End PBXNativeTarget section */

/* Begin PBXProject section */
		7673909B2830F59C006387A7 /* Project object */ = {
			isa = PBXProject;
			attributes = {
				BuildIndependentTargetsInParallel = 1;
				LastSwiftUpdateCheck = 1330;
				LastUpgradeCheck = 1330;
				TargetAttributes = {
					767390A22830F59C006387A7 = {
						CreatedOnToolsVersion = 13.3;
					};
					767390B72830F5A5006387A7 = {
						CreatedOnToolsVersion = 13.3;
						TestTargetID = 767390A22830F59C006387A7;
					};
					767390C12830F5A5006387A7 = {
						CreatedOnToolsVersion = 13.3;
						TestTargetID = 767390A22830F59C006387A7;
					};
				};
			};
			buildConfigurationList = 7673909E2830F59C006387A7 /* Build configuration list for PBXProject "Testair" */;
			compatibilityVersion = "Xcode 13.0";
			developmentRegion = en;
			hasScannedForEncodings = 0;
			knownRegions = (
				en,
				Base,
			);
			mainGroup = 7673909A2830F59C006387A7;
			packageReferences = (
				76D98B4C28328A830057D390 /* XCRemoteSwiftPackageReference "Kingfisher" */,
			);
			productRefGroup = 767390A42830F59C006387A7 /* Products */;
			projectDirPath = "";
			projectRoot = "";
			targets = (
				767390A22830F59C006387A7 /* Testair */,
				767390B72830F5A5006387A7 /* TestairTests */,
				767390C12830F5A5006387A7 /* TestairUITests */,
			);
		};
/* End PBXProject section */

/* Begin PBXResourcesBuildPhase section */
		767390A12830F59C006387A7 /* Resources */ = {
			isa = PBXResourcesBuildPhase;
			buildActionMask = 2147483647;
			files = (
				767390AE2830F5A4006387A7 /* Preview Assets.xcassets in Resources */,
				767390AB2830F5A4006387A7 /* Assets.xcassets in Resources */,
			);
			runOnlyForDeploymentPostprocessing = 0;
		};
		767390B62830F5A5006387A7 /* Resources */ = {
			isa = PBXResourcesBuildPhase;
			buildActionMask = 2147483647;
			files = (
			);
			runOnlyForDeploymentPostprocessing = 0;
		};
		767390C02830F5A5006387A7 /* Resources */ = {
			isa = PBXResourcesBuildPhase;
			buildActionMask = 2147483647;
			files = (
			);
			runOnlyForDeploymentPostprocessing = 0;
		};
/* End PBXResourcesBuildPhase section */

/* Begin PBXSourcesBuildPhase section */
		7673909F2830F59C006387A7 /* Sources */ = {
			isa = PBXSourcesBuildPhase;
			buildActionMask = 2147483647;
			files = (
				76B912972836DC050085D981 /* WeatherWrapper.swift in Sources */,
				7673910A28324500006387A7 /* CityWeatherView.swift in Sources */,
				767390DB2831004A006387A7 /* BackgroundView.swift in Sources */,
				767390B32830F5A4006387A7 /* Testair.xcdatamodeld in Sources */,
				767390B02830F5A4006387A7 /* PersistenceManager.swift in Sources */,
				767390E12831381B006387A7 /* WeatherDetails.swift in Sources */,
				767390F928313CDE006387A7 /* ApiHelper.swift in Sources */,
				767390E828313952006387A7 /* ViewInitiable.swift in Sources */,
				767390F0283139DE006387A7 /* ApiError.swift in Sources */,
				767390E428313895006387A7 /* UnixTime.swift in Sources */,
				767390FB28313D50006387A7 /* HttpMethod.swift in Sources */,
				767390EA28313978006387A7 /* ViewModelInitiable.swift in Sources */,
				767390FD28313D5F006387A7 /* Endpoint.swift in Sources */,
				767390D92830FBD6006387A7 /* HomeView.swift in Sources */,
				767390F428313A7E006387A7 /* HomeViewModel.swift in Sources */,
				76739108283244E0006387A7 /* ResultsView.swift in Sources */,
				7673910228313E20006387A7 /* WeatherEndpoint.swift in Sources */,
				76D98B4B283252710057D390 /* Unwrap.swift in Sources */,
				767390ED283139A5006387A7 /* NetworkInitiable.swift in Sources */,
				767390F728313B70006387A7 /* MockService.swift in Sources */,
				767390A72830F59C006387A7 /* TestairApp.swift in Sources */,
				767390F228313A25006387A7 /* NetworkService.swift in Sources */,
				767390DF28310E29006387A7 /* Constants.swift in Sources */,
			);
			runOnlyForDeploymentPostprocessing = 0;
		};
		767390B42830F5A5006387A7 /* Sources */ = {
			isa = PBXSourcesBuildPhase;
			buildActionMask = 2147483647;
			files = (
				767390BD2830F5A5006387A7 /* TestairTests.swift in Sources */,
			);
			runOnlyForDeploymentPostprocessing = 0;
		};
		767390BE2830F5A5006387A7 /* Sources */ = {
			isa = PBXSourcesBuildPhase;
			buildActionMask = 2147483647;
			files = (
				767390C72830F5A5006387A7 /* TestairUITests.swift in Sources */,
				767390C92830F5A5006387A7 /* TestairUITestsLaunchTests.swift in Sources */,
			);
			runOnlyForDeploymentPostprocessing = 0;
		};
/* End PBXSourcesBuildPhase section */

/* Begin PBXTargetDependency section */
		767390BA2830F5A5006387A7 /* PBXTargetDependency */ = {
			isa = PBXTargetDependency;
			target = 767390A22830F59C006387A7 /* Testair */;
			targetProxy = 767390B92830F5A5006387A7 /* PBXContainerItemProxy */;
		};
		767390C42830F5A5006387A7 /* PBXTargetDependency */ = {
			isa = PBXTargetDependency;
			target = 767390A22830F59C006387A7 /* Testair */;
			targetProxy = 767390C32830F5A5006387A7 /* PBXContainerItemProxy */;
		};
/* End PBXTargetDependency section */

/* Begin XCBuildConfiguration section */
		767390CA2830F5A5006387A7 /* Debug */ = {
			isa = XCBuildConfiguration;
			buildSettings = {
				ALWAYS_SEARCH_USER_PATHS = NO;
				CLANG_ANALYZER_NONNULL = YES;
				CLANG_ANALYZER_NUMBER_OBJECT_CONVERSION = YES_AGGRESSIVE;
				CLANG_CXX_LANGUAGE_STANDARD = "gnu++17";
				CLANG_ENABLE_MODULES = YES;
				CLANG_ENABLE_OBJC_ARC = YES;
				CLANG_ENABLE_OBJC_WEAK = YES;
				CLANG_WARN_BLOCK_CAPTURE_AUTORELEASING = YES;
				CLANG_WARN_BOOL_CONVERSION = YES;
				CLANG_WARN_COMMA = YES;
				CLANG_WARN_CONSTANT_CONVERSION = YES;
				CLANG_WARN_DEPRECATED_OBJC_IMPLEMENTATIONS = YES;
				CLANG_WARN_DIRECT_OBJC_ISA_USAGE = YES_ERROR;
				CLANG_WARN_DOCUMENTATION_COMMENTS = YES;
				CLANG_WARN_EMPTY_BODY = YES;
				CLANG_WARN_ENUM_CONVERSION = YES;
				CLANG_WARN_INFINITE_RECURSION = YES;
				CLANG_WARN_INT_CONVERSION = YES;
				CLANG_WARN_NON_LITERAL_NULL_CONVERSION = YES;
				CLANG_WARN_OBJC_IMPLICIT_RETAIN_SELF = YES;
				CLANG_WARN_OBJC_LITERAL_CONVERSION = YES;
				CLANG_WARN_OBJC_ROOT_CLASS = YES_ERROR;
				CLANG_WARN_QUOTED_INCLUDE_IN_FRAMEWORK_HEADER = YES;
				CLANG_WARN_RANGE_LOOP_ANALYSIS = YES;
				CLANG_WARN_STRICT_PROTOTYPES = YES;
				CLANG_WARN_SUSPICIOUS_MOVE = YES;
				CLANG_WARN_UNGUARDED_AVAILABILITY = YES_AGGRESSIVE;
				CLANG_WARN_UNREACHABLE_CODE = YES;
				CLANG_WARN__DUPLICATE_METHOD_MATCH = YES;
				COPY_PHASE_STRIP = NO;
				DEBUG_INFORMATION_FORMAT = dwarf;
				ENABLE_STRICT_OBJC_MSGSEND = YES;
				ENABLE_TESTABILITY = YES;
				GCC_C_LANGUAGE_STANDARD = gnu11;
				GCC_DYNAMIC_NO_PIC = NO;
				GCC_NO_COMMON_BLOCKS = YES;
				GCC_OPTIMIZATION_LEVEL = 0;
				GCC_PREPROCESSOR_DEFINITIONS = (
					"DEBUG=1",
					"$(inherited)",
				);
				GCC_WARN_64_TO_32_BIT_CONVERSION = YES;
				GCC_WARN_ABOUT_RETURN_TYPE = YES_ERROR;
				GCC_WARN_UNDECLARED_SELECTOR = YES;
				GCC_WARN_UNINITIALIZED_AUTOS = YES_AGGRESSIVE;
				GCC_WARN_UNUSED_FUNCTION = YES;
				GCC_WARN_UNUSED_VARIABLE = YES;
				IPHONEOS_DEPLOYMENT_TARGET = 15.4;
				MTL_ENABLE_DEBUG_INFO = INCLUDE_SOURCE;
				MTL_FAST_MATH = YES;
				ONLY_ACTIVE_ARCH = YES;
				SDKROOT = iphoneos;
				SWIFT_ACTIVE_COMPILATION_CONDITIONS = DEBUG;
				SWIFT_OPTIMIZATION_LEVEL = "-Onone";
			};
			name = Debug;
		};
		767390CB2830F5A5006387A7 /* Release */ = {
			isa = XCBuildConfiguration;
			buildSettings = {
				ALWAYS_SEARCH_USER_PATHS = NO;
				CLANG_ANALYZER_NONNULL = YES;
				CLANG_ANALYZER_NUMBER_OBJECT_CONVERSION = YES_AGGRESSIVE;
				CLANG_CXX_LANGUAGE_STANDARD = "gnu++17";
				CLANG_ENABLE_MODULES = YES;
				CLANG_ENABLE_OBJC_ARC = YES;
				CLANG_ENABLE_OBJC_WEAK = YES;
				CLANG_WARN_BLOCK_CAPTURE_AUTORELEASING = YES;
				CLANG_WARN_BOOL_CONVERSION = YES;
				CLANG_WARN_COMMA = YES;
				CLANG_WARN_CONSTANT_CONVERSION = YES;
				CLANG_WARN_DEPRECATED_OBJC_IMPLEMENTATIONS = YES;
				CLANG_WARN_DIRECT_OBJC_ISA_USAGE = YES_ERROR;
				CLANG_WARN_DOCUMENTATION_COMMENTS = YES;
				CLANG_WARN_EMPTY_BODY = YES;
				CLANG_WARN_ENUM_CONVERSION = YES;
				CLANG_WARN_INFINITE_RECURSION = YES;
				CLANG_WARN_INT_CONVERSION = YES;
				CLANG_WARN_NON_LITERAL_NULL_CONVERSION = YES;
				CLANG_WARN_OBJC_IMPLICIT_RETAIN_SELF = YES;
				CLANG_WARN_OBJC_LITERAL_CONVERSION = YES;
				CLANG_WARN_OBJC_ROOT_CLASS = YES_ERROR;
				CLANG_WARN_QUOTED_INCLUDE_IN_FRAMEWORK_HEADER = YES;
				CLANG_WARN_RANGE_LOOP_ANALYSIS = YES;
				CLANG_WARN_STRICT_PROTOTYPES = YES;
				CLANG_WARN_SUSPICIOUS_MOVE = YES;
				CLANG_WARN_UNGUARDED_AVAILABILITY = YES_AGGRESSIVE;
				CLANG_WARN_UNREACHABLE_CODE = YES;
				CLANG_WARN__DUPLICATE_METHOD_MATCH = YES;
				COPY_PHASE_STRIP = NO;
				DEBUG_INFORMATION_FORMAT = "dwarf-with-dsym";
				ENABLE_NS_ASSERTIONS = NO;
				ENABLE_STRICT_OBJC_MSGSEND = YES;
				GCC_C_LANGUAGE_STANDARD = gnu11;
				GCC_NO_COMMON_BLOCKS = YES;
				GCC_WARN_64_TO_32_BIT_CONVERSION = YES;
				GCC_WARN_ABOUT_RETURN_TYPE = YES_ERROR;
				GCC_WARN_UNDECLARED_SELECTOR = YES;
				GCC_WARN_UNINITIALIZED_AUTOS = YES_AGGRESSIVE;
				GCC_WARN_UNUSED_FUNCTION = YES;
				GCC_WARN_UNUSED_VARIABLE = YES;
				IPHONEOS_DEPLOYMENT_TARGET = 15.4;
				MTL_ENABLE_DEBUG_INFO = NO;
				MTL_FAST_MATH = YES;
				SDKROOT = iphoneos;
				SWIFT_COMPILATION_MODE = wholemodule;
				SWIFT_OPTIMIZATION_LEVEL = "-O";
				VALIDATE_PRODUCT = YES;
			};
			name = Release;
		};
		767390CD2830F5A5006387A7 /* Debug */ = {
			isa = XCBuildConfiguration;
			buildSettings = {
				ASSETCATALOG_COMPILER_APPICON_NAME = AppIcon;
				ASSETCATALOG_COMPILER_GLOBAL_ACCENT_COLOR_NAME = AccentColor;
				CODE_SIGN_STYLE = Automatic;
				CURRENT_PROJECT_VERSION = 1;
				DEVELOPMENT_ASSET_PATHS = "\"Testair/Preview Content\"";
				DEVELOPMENT_TEAM = MXK286HGD6;
				ENABLE_PREVIEWS = YES;
				GENERATE_INFOPLIST_FILE = YES;
				INFOPLIST_FILE = Testair/Info.plist;
				INFOPLIST_KEY_UIApplicationSupportsIndirectInputEvents = YES;
				INFOPLIST_KEY_UILaunchScreen_Generation = YES;
				INFOPLIST_KEY_UISupportedInterfaceOrientations_iPad = "UIInterfaceOrientationPortrait UIInterfaceOrientationPortraitUpsideDown UIInterfaceOrientationLandscapeLeft UIInterfaceOrientationLandscapeRight";
				INFOPLIST_KEY_UISupportedInterfaceOrientations_iPhone = "UIInterfaceOrientationPortrait UIInterfaceOrientationLandscapeLeft UIInterfaceOrientationLandscapeRight";
				LD_RUNPATH_SEARCH_PATHS = (
					"$(inherited)",
					"@executable_path/Frameworks",
				);
				MARKETING_VERSION = 1.0;
				PRODUCT_BUNDLE_IDENTIFIER = com.app.Testair;
				PRODUCT_NAME = "$(TARGET_NAME)";
				SWIFT_EMIT_LOC_STRINGS = YES;
				SWIFT_VERSION = 5.0;
				TARGETED_DEVICE_FAMILY = 1;
			};
			name = Debug;
		};
		767390CE2830F5A5006387A7 /* Release */ = {
			isa = XCBuildConfiguration;
			buildSettings = {
				ASSETCATALOG_COMPILER_APPICON_NAME = AppIcon;
				ASSETCATALOG_COMPILER_GLOBAL_ACCENT_COLOR_NAME = AccentColor;
				CODE_SIGN_STYLE = Automatic;
				CURRENT_PROJECT_VERSION = 1;
				DEVELOPMENT_ASSET_PATHS = "\"Testair/Preview Content\"";
				DEVELOPMENT_TEAM = MXK286HGD6;
				ENABLE_PREVIEWS = YES;
				GENERATE_INFOPLIST_FILE = YES;
				INFOPLIST_FILE = Testair/Info.plist;
				INFOPLIST_KEY_UIApplicationSupportsIndirectInputEvents = YES;
				INFOPLIST_KEY_UILaunchScreen_Generation = YES;
				INFOPLIST_KEY_UISupportedInterfaceOrientations_iPad = "UIInterfaceOrientationPortrait UIInterfaceOrientationPortraitUpsideDown UIInterfaceOrientationLandscapeLeft UIInterfaceOrientationLandscapeRight";
				INFOPLIST_KEY_UISupportedInterfaceOrientations_iPhone = "UIInterfaceOrientationPortrait UIInterfaceOrientationLandscapeLeft UIInterfaceOrientationLandscapeRight";
				LD_RUNPATH_SEARCH_PATHS = (
					"$(inherited)",
					"@executable_path/Frameworks",
				);
				MARKETING_VERSION = 1.0;
				PRODUCT_BUNDLE_IDENTIFIER = com.app.Testair;
				PRODUCT_NAME = "$(TARGET_NAME)";
				SWIFT_EMIT_LOC_STRINGS = YES;
				SWIFT_VERSION = 5.0;
				TARGETED_DEVICE_FAMILY = 1;
			};
			name = Release;
		};
		767390D02830F5A5006387A7 /* Debug */ = {
			isa = XCBuildConfiguration;
			buildSettings = {
				ALWAYS_EMBED_SWIFT_STANDARD_LIBRARIES = YES;
				BUNDLE_LOADER = "$(TEST_HOST)";
				CODE_SIGN_STYLE = Automatic;
				CURRENT_PROJECT_VERSION = 1;
				DEVELOPMENT_TEAM = MXK286HGD6;
				GENERATE_INFOPLIST_FILE = YES;
				IPHONEOS_DEPLOYMENT_TARGET = 15.4;
				MARKETING_VERSION = 1.0;
				PRODUCT_BUNDLE_IDENTIFIER = com.app.TestairTests;
				PRODUCT_NAME = "$(TARGET_NAME)";
				SWIFT_EMIT_LOC_STRINGS = NO;
				SWIFT_VERSION = 5.0;
				TARGETED_DEVICE_FAMILY = "1,2";
				TEST_HOST = "$(BUILT_PRODUCTS_DIR)/Testair.app/Testair";
			};
			name = Debug;
		};
		767390D12830F5A5006387A7 /* Release */ = {
			isa = XCBuildConfiguration;
			buildSettings = {
				ALWAYS_EMBED_SWIFT_STANDARD_LIBRARIES = YES;
				BUNDLE_LOADER = "$(TEST_HOST)";
				CODE_SIGN_STYLE = Automatic;
				CURRENT_PROJECT_VERSION = 1;
				DEVELOPMENT_TEAM = MXK286HGD6;
				GENERATE_INFOPLIST_FILE = YES;
				IPHONEOS_DEPLOYMENT_TARGET = 15.4;
				MARKETING_VERSION = 1.0;
				PRODUCT_BUNDLE_IDENTIFIER = com.app.TestairTests;
				PRODUCT_NAME = "$(TARGET_NAME)";
				SWIFT_EMIT_LOC_STRINGS = NO;
				SWIFT_VERSION = 5.0;
				TARGETED_DEVICE_FAMILY = "1,2";
				TEST_HOST = "$(BUILT_PRODUCTS_DIR)/Testair.app/Testair";
			};
			name = Release;
		};
		767390D32830F5A5006387A7 /* Debug */ = {
			isa = XCBuildConfiguration;
			buildSettings = {
				ALWAYS_EMBED_SWIFT_STANDARD_LIBRARIES = YES;
				CODE_SIGN_STYLE = Automatic;
				CURRENT_PROJECT_VERSION = 1;
				DEVELOPMENT_TEAM = MXK286HGD6;
				GENERATE_INFOPLIST_FILE = YES;
				MARKETING_VERSION = 1.0;
				PRODUCT_BUNDLE_IDENTIFIER = com.app.TestairUITests;
				PRODUCT_NAME = "$(TARGET_NAME)";
				SWIFT_EMIT_LOC_STRINGS = NO;
				SWIFT_VERSION = 5.0;
				TARGETED_DEVICE_FAMILY = "1,2";
				TEST_TARGET_NAME = Testair;
			};
			name = Debug;
		};
		767390D42830F5A5006387A7 /* Release */ = {
			isa = XCBuildConfiguration;
			buildSettings = {
				ALWAYS_EMBED_SWIFT_STANDARD_LIBRARIES = YES;
				CODE_SIGN_STYLE = Automatic;
				CURRENT_PROJECT_VERSION = 1;
				DEVELOPMENT_TEAM = MXK286HGD6;
				GENERATE_INFOPLIST_FILE = YES;
				MARKETING_VERSION = 1.0;
				PRODUCT_BUNDLE_IDENTIFIER = com.app.TestairUITests;
				PRODUCT_NAME = "$(TARGET_NAME)";
				SWIFT_EMIT_LOC_STRINGS = NO;
				SWIFT_VERSION = 5.0;
				TARGETED_DEVICE_FAMILY = "1,2";
				TEST_TARGET_NAME = Testair;
			};
			name = Release;
		};
/* End XCBuildConfiguration section */

/* Begin XCConfigurationList section */
		7673909E2830F59C006387A7 /* Build configuration list for PBXProject "Testair" */ = {
			isa = XCConfigurationList;
			buildConfigurations = (
				767390CA2830F5A5006387A7 /* Debug */,
				767390CB2830F5A5006387A7 /* Release */,
			);
			defaultConfigurationIsVisible = 0;
			defaultConfigurationName = Release;
		};
		767390CC2830F5A5006387A7 /* Build configuration list for PBXNativeTarget "Testair" */ = {
			isa = XCConfigurationList;
			buildConfigurations = (
				767390CD2830F5A5006387A7 /* Debug */,
				767390CE2830F5A5006387A7 /* Release */,
			);
			defaultConfigurationIsVisible = 0;
			defaultConfigurationName = Release;
		};
		767390CF2830F5A5006387A7 /* Build configuration list for PBXNativeTarget "TestairTests" */ = {
			isa = XCConfigurationList;
			buildConfigurations = (
				767390D02830F5A5006387A7 /* Debug */,
				767390D12830F5A5006387A7 /* Release */,
			);
			defaultConfigurationIsVisible = 0;
			defaultConfigurationName = Release;
		};
		767390D22830F5A5006387A7 /* Build configuration list for PBXNativeTarget "TestairUITests" */ = {
			isa = XCConfigurationList;
			buildConfigurations = (
				767390D32830F5A5006387A7 /* Debug */,
				767390D42830F5A5006387A7 /* Release */,
			);
			defaultConfigurationIsVisible = 0;
			defaultConfigurationName = Release;
		};
/* End XCConfigurationList section */

/* Begin XCRemoteSwiftPackageReference section */
		76D98B4C28328A830057D390 /* XCRemoteSwiftPackageReference "Kingfisher" */ = {
			isa = XCRemoteSwiftPackageReference;
			repositoryURL = "https://github.com/onevcat/Kingfisher";
			requirement = {
				kind = upToNextMajorVersion;
				minimumVersion = 7.0.0;
			};
		};
/* End XCRemoteSwiftPackageReference section */

/* Begin XCSwiftPackageProductDependency section */
		76D98B4D28328A830057D390 /* Kingfisher */ = {
			isa = XCSwiftPackageProductDependency;
			package = 76D98B4C28328A830057D390 /* XCRemoteSwiftPackageReference "Kingfisher" */;
			productName = Kingfisher;
		};
/* End XCSwiftPackageProductDependency section */

/* Begin XCVersionGroup section */
		767390B12830F5A4006387A7 /* Testair.xcdatamodeld */ = {
			isa = XCVersionGroup;
			children = (
				767390B22830F5A4006387A7 /* Testair.xcdatamodel */,
			);
			currentVersion = 767390B22830F5A4006387A7 /* Testair.xcdatamodel */;
			path = Testair.xcdatamodeld;
			sourceTree = "<group>";
			versionGroupType = wrapper.xcdatamodel;
		};
/* End XCVersionGroup section */
	};
	rootObject = 7673909B2830F59C006387A7 /* Project object */;
}
